
Microsoft Visual Studio Solution File, Format Version 12.00
# Visual Studio Version 16
VisualStudioVersion = 16.0.29911.84
MinimumVisualStudioVersion = 10.0.40219.1
Project("{2150E333-8FDC-42A3-9474-1A3956D46DE8}") = "Domain", "Domain", "{B7C3A6D4-F20E-480A-B7B8-F86970C2F4A3}"
EndProject
Project("{2150E333-8FDC-42A3-9474-1A3956D46DE8}") = "Infra.Bus", "Infra.Bus", "{8A2BCAA9-40EC-4849-AAFB-201C961F2728}"
EndProject
Project("{2150E333-8FDC-42A3-9474-1A3956D46DE8}") = "Infra.Ioc", "Infra.Ioc", "{BCBA7E50-63A0-44D4-933E-C531E0AA3B56}"
EndProject
Project("{2150E333-8FDC-42A3-9474-1A3956D46DE8}") = "Microservices", "Microservices", "{EF0393E3-2448-4C12-8801-124354958298}"
EndProject
Project("{2150E333-8FDC-42A3-9474-1A3956D46DE8}") = "Presentation", "Presentation", "{C5AD08EC-9C0F-4685-BB43-53CC3A962F79}"
EndProject
Project("{FAE04EC0-301F-11D3-BF4B-00C04F79EFBC}") = "MicroRabbit.Domain.Core", "MicroRabbit.Domain.Core\MicroRabbit.Domain.Core.csproj", "{6D11F0F1-85A4-41F7-B012-A91868C2EF0C}"
EndProject
Project("{FAE04EC0-301F-11D3-BF4B-00C04F79EFBC}") = "MicroRabbit.Infra.Bus", "MicroRabbit.Infra.Bus\MicroRabbit.Infra.Bus.csproj", "{AA98C002-A536-47D7-8818-7646460859F6}"
EndProject
Project("{FAE04EC0-301F-11D3-BF4B-00C04F79EFBC}") = "MicroRabbit.Infra.Ioc", "MicroRabbit.Infra.Ioc\MicroRabbit.Infra.Ioc.csproj", "{CEBDC945-1C8C-4A72-9D25-82DA760F2C56}"
EndProject
Project("{2150E333-8FDC-42A3-9474-1A3956D46DE8}") = "Banking", "Banking", "{5A795AA8-4D30-4438-A437-E6231F3B63C4}"
EndProject
Project("{2150E333-8FDC-42A3-9474-1A3956D46DE8}") = "Api", "Api", "{94F63E44-C927-4E26-A968-BBA4477817A8}"
EndProject
Project("{2150E333-8FDC-42A3-9474-1A3956D46DE8}") = "Application", "Application", "{6922F5EA-D05C-49EB-9414-7E8A517BCC12}"
EndProject
Project("{2150E333-8FDC-42A3-9474-1A3956D46DE8}") = "Data", "Data", "{723FEEC3-8477-424C-8FA1-C94AE4354304}"
EndProject
Project("{2150E333-8FDC-42A3-9474-1A3956D46DE8}") = "Domain", "Domain", "{96218AA4-F3B4-42FC-B1FB-3863B4B54E26}"
EndProject
Project("{FAE04EC0-301F-11D3-BF4B-00C04F79EFBC}") = "MicroRabbit.Banking.Api", "MicroRabbit.Banking.Api\MicroRabbit.Banking.Api.csproj", "{6C001A94-8673-46BA-9FA7-8AA50871C95B}"
EndProject
Project("{FAE04EC0-301F-11D3-BF4B-00C04F79EFBC}") = "MicroRabbit.Banking.Application", "MicroRabbit.Banking.Application\MicroRabbit.Banking.Application.csproj", "{B66DBA93-F961-4776-B2C2-3F9F2B7A1613}"
EndProject
Project("{FAE04EC0-301F-11D3-BF4B-00C04F79EFBC}") = "MicroRabbit.Banking.Data", "MicroRabbit.Banking.Data\MicroRabbit.Banking.Data.csproj", "{4ADC247D-0F9A-4646-93B6-C1A367277E05}"
EndProject
Project("{FAE04EC0-301F-11D3-BF4B-00C04F79EFBC}") = "MicroRabbit.Banking.Domain", "MicroRabbit.Banking.Domain\MicroRabbit.Banking.Domain.csproj", "{C8C1826E-3691-4CDB-BBDE-C8FB8CDAFF61}"
EndProject
Global
	GlobalSection(SolutionConfigurationPlatforms) = preSolution
		Debug|Any CPU = Debug|Any CPU
		Release|Any CPU = Release|Any CPU
	EndGlobalSection
	GlobalSection(ProjectConfigurationPlatforms) = postSolution
		{6D11F0F1-85A4-41F7-B012-A91868C2EF0C}.Debug|Any CPU.ActiveCfg = Debug|Any CPU
		{6D11F0F1-85A4-41F7-B012-A91868C2EF0C}.Debug|Any CPU.Build.0 = Debug|Any CPU
		{6D11F0F1-85A4-41F7-B012-A91868C2EF0C}.Release|Any CPU.ActiveCfg = Release|Any CPU
		{6D11F0F1-85A4-41F7-B012-A91868C2EF0C}.Release|Any CPU.Build.0 = Release|Any CPU
		{AA98C002-A536-47D7-8818-7646460859F6}.Debug|Any CPU.ActiveCfg = Debug|Any CPU
		{AA98C002-A536-47D7-8818-7646460859F6}.Debug|Any CPU.Build.0 = Debug|Any CPU
		{AA98C002-A536-47D7-8818-7646460859F6}.Release|Any CPU.ActiveCfg = Release|Any CPU
		{AA98C002-A536-47D7-8818-7646460859F6}.Release|Any CPU.Build.0 = Release|Any CPU
		{CEBDC945-1C8C-4A72-9D25-82DA760F2C56}.Debug|Any CPU.ActiveCfg = Debug|Any CPU
		{CEBDC945-1C8C-4A72-9D25-82DA760F2C56}.Debug|Any CPU.Build.0 = Debug|Any CPU
		{CEBDC945-1C8C-4A72-9D25-82DA760F2C56}.Release|Any CPU.ActiveCfg = Release|Any CPU
		{CEBDC945-1C8C-4A72-9D25-82DA760F2C56}.Release|Any CPU.Build.0 = Release|Any CPU
		{6C001A94-8673-46BA-9FA7-8AA50871C95B}.Debug|Any CPU.ActiveCfg = Debug|Any CPU
		{6C001A94-8673-46BA-9FA7-8AA50871C95B}.Debug|Any CPU.Build.0 = Debug|Any CPU
		{6C001A94-8673-46BA-9FA7-8AA50871C95B}.Release|Any CPU.ActiveCfg = Release|Any CPU
		{6C001A94-8673-46BA-9FA7-8AA50871C95B}.Release|Any CPU.Build.0 = Release|Any CPU
		{B66DBA93-F961-4776-B2C2-3F9F2B7A1613}.Debug|Any CPU.ActiveCfg = Debug|Any CPU
		{B66DBA93-F961-4776-B2C2-3F9F2B7A1613}.Debug|Any CPU.Build.0 = Debug|Any CPU
		{B66DBA93-F961-4776-B2C2-3F9F2B7A1613}.Release|Any CPU.ActiveCfg = Release|Any CPU
		{B66DBA93-F961-4776-B2C2-3F9F2B7A1613}.Release|Any CPU.Build.0 = Release|Any CPU
		{4ADC247D-0F9A-4646-93B6-C1A367277E05}.Debug|Any CPU.ActiveCfg = Debug|Any CPU
		{4ADC247D-0F9A-4646-93B6-C1A367277E05}.Debug|Any CPU.Build.0 = Debug|Any CPU
		{4ADC247D-0F9A-4646-93B6-C1A367277E05}.Release|Any CPU.ActiveCfg = Release|Any CPU
		{4ADC247D-0F9A-4646-93B6-C1A367277E05}.Release|Any CPU.Build.0 = Release|Any CPU
		{C8C1826E-3691-4CDB-BBDE-C8FB8CDAFF61}.Debug|Any CPU.ActiveCfg = Debug|Any CPU
		{C8C1826E-3691-4CDB-BBDE-C8FB8CDAFF61}.Debug|Any CPU.Build.0 = Debug|Any CPU
		{C8C1826E-3691-4CDB-BBDE-C8FB8CDAFF61}.Release|Any CPU.ActiveCfg = Release|Any CPU
		{C8C1826E-3691-4CDB-BBDE-C8FB8CDAFF61}.Release|Any CPU.Build.0 = Release|Any CPU
	EndGlobalSection
	GlobalSection(SolutionProperties) = preSolution
		HideSolutionNode = FALSE
	EndGlobalSection
	GlobalSection(NestedProjects) = preSolution
		{6D11F0F1-85A4-41F7-B012-A91868C2EF0C} = {B7C3A6D4-F20E-480A-B7B8-F86970C2F4A3}
		{AA98C002-A536-47D7-8818-7646460859F6} = {8A2BCAA9-40EC-4849-AAFB-201C961F2728}
		{CEBDC945-1C8C-4A72-9D25-82DA760F2C56} = {BCBA7E50-63A0-44D4-933E-C531E0AA3B56}
		{5A795AA8-4D30-4438-A437-E6231F3B63C4} = {EF0393E3-2448-4C12-8801-124354958298}
		{94F63E44-C927-4E26-A968-BBA4477817A8} = {5A795AA8-4D30-4438-A437-E6231F3B63C4}
		{6922F5EA-D05C-49EB-9414-7E8A517BCC12} = {5A795AA8-4D30-4438-A437-E6231F3B63C4}
		{723FEEC3-8477-424C-8FA1-C94AE4354304} = {5A795AA8-4D30-4438-A437-E6231F3B63C4}
		{96218AA4-F3B4-42FC-B1FB-3863B4B54E26} = {5A795AA8-4D30-4438-A437-E6231F3B63C4}
		{6C001A94-8673-46BA-9FA7-8AA50871C95B} = {94F63E44-C927-4E26-A968-BBA4477817A8}
		{B66DBA93-F961-4776-B2C2-3F9F2B7A1613} = {6922F5EA-D05C-49EB-9414-7E8A517BCC12}
		{4ADC247D-0F9A-4646-93B6-C1A367277E05} = {723FEEC3-8477-424C-8FA1-C94AE4354304}
		{C8C1826E-3691-4CDB-BBDE-C8FB8CDAFF61} = {96218AA4-F3B4-42FC-B1FB-3863B4B54E26}
	EndGlobalSection
	GlobalSection(ExtensibilityGlobals) = postSolution
		SolutionGuid = {8E8F28A3-0E5C-4F3F-83DF-3E71DF8ABAE7}
	EndGlobalSection
EndGlobal
